// !$*UTF8*$!
{
	archiveVersion = 1;
	classes = {
	};
	objectVersion = 46;
	objects = {

/* Begin PBXBuildFile section */
		3B02C7991CFF519100DE5B21 /* PeliculasCineViewController.swift in Sources */ = {isa = PBXBuildFile; fileRef = 3B02C7981CFF519100DE5B21 /* PeliculasCineViewController.swift */; };
		3B02C79B1CFF51B400DE5B21 /* PeliculasCineViewController.xib in Resources */ = {isa = PBXBuildFile; fileRef = 3B02C79A1CFF51B400DE5B21 /* PeliculasCineViewController.xib */; };
		3B0F17581CFF649C00DCAABC /* PeliculaCell.xib in Resources */ = {isa = PBXBuildFile; fileRef = 3B0F17571CFF649C00DCAABC /* PeliculaCell.xib */; };
		3B1E6A4A1D0B2BCE00537720 /* HorarioNewCell.swift in Sources */ = {isa = PBXBuildFile; fileRef = 3B1E6A491D0B2BCE00537720 /* HorarioNewCell.swift */; };
		3B1E6A4C1D0B2BFF00537720 /* HorarioNewCell.xib in Resources */ = {isa = PBXBuildFile; fileRef = 3B1E6A4B1D0B2BFF00537720 /* HorarioNewCell.xib */; };
		3B2A66D51D02040300D0E671 /* PeliculaViewController.swift in Sources */ = {isa = PBXBuildFile; fileRef = 3B2A66D31D02040300D0E671 /* PeliculaViewController.swift */; };
		3B2A66D61D02040300D0E671 /* PeliculaViewController.xib in Resources */ = {isa = PBXBuildFile; fileRef = 3B2A66D41D02040300D0E671 /* PeliculaViewController.xib */; };
		3B2A66D81D036CA500D0E671 /* HorarioPeliculaHeader.xib in Resources */ = {isa = PBXBuildFile; fileRef = 3B2A66D71D036CA500D0E671 /* HorarioPeliculaHeader.xib */; };
		3B2EDFD61CFC98390078F3D9 /* MenuViewController.xib in Resources */ = {isa = PBXBuildFile; fileRef = 3B2EDFD51CFC98390078F3D9 /* MenuViewController.xib */; };
		3B2EDFD81CFC999D0078F3D9 /* CinesViewController.xib in Resources */ = {isa = PBXBuildFile; fileRef = 3B2EDFD71CFC999D0078F3D9 /* CinesViewController.xib */; };
		3B2EDFDC1CFC9EFE0078F3D9 /* BaseMenuViewController.swift in Sources */ = {isa = PBXBuildFile; fileRef = 3B2EDFDB1CFC9EFE0078F3D9 /* BaseMenuViewController.swift */; };
		3B2EDFDE1CFCA04D0078F3D9 /* CinesViewController.swift in Sources */ = {isa = PBXBuildFile; fileRef = 3B2EDFDD1CFCA04D0078F3D9 /* CinesViewController.swift */; };
		3B2EDFE01CFCA0E10078F3D9 /* ContainerNavigationController.swift in Sources */ = {isa = PBXBuildFile; fileRef = 3B2EDFDF1CFCA0E10078F3D9 /* ContainerNavigationController.swift */; };
		3B2EDFE31CFCAB590078F3D9 /* MenuViewController.swift in Sources */ = {isa = PBXBuildFile; fileRef = 3B2EDFE21CFCAB590078F3D9 /* MenuViewController.swift */; };
		3B2EDFE61CFCAF570078F3D9 /* MenuItemCell.xib in Resources */ = {isa = PBXBuildFile; fileRef = 3B2EDFE51CFCAF570078F3D9 /* MenuItemCell.xib */; };
		3B2EDFEA1CFCB0000078F3D9 /* MenuItemCell.swift in Sources */ = {isa = PBXBuildFile; fileRef = 3B2EDFE91CFCB0000078F3D9 /* MenuItemCell.swift */; };
		3B2EDFEC1CFCB5C60078F3D9 /* UbicacionesViewController.xib in Resources */ = {isa = PBXBuildFile; fileRef = 3B2EDFEB1CFCB5C60078F3D9 /* UbicacionesViewController.xib */; };
		3B2EDFEF1CFCCC5D0078F3D9 /* WebApi.swift in Sources */ = {isa = PBXBuildFile; fileRef = 3B2EDFEE1CFCCC5D0078F3D9 /* WebApi.swift */; };
		3B2EDFF11CFCDED70078F3D9 /* BaseViewController.swift in Sources */ = {isa = PBXBuildFile; fileRef = 3B2EDFF01CFCDED70078F3D9 /* BaseViewController.swift */; };
		3B2EDFF31CFCFD830078F3D9 /* UbicacionesViewController.swift in Sources */ = {isa = PBXBuildFile; fileRef = 3B2EDFF21CFCFD830078F3D9 /* UbicacionesViewController.swift */; };
		3B5738F71CFDED2800CE8227 /* UbicacionCell.xib in Resources */ = {isa = PBXBuildFile; fileRef = 3B5738F61CFDED2800CE8227 /* UbicacionCell.xib */; };
		3B5738F91CFDFDD100CE8227 /* UbicacionCell.swift in Sources */ = {isa = PBXBuildFile; fileRef = 3B5738F81CFDFDD100CE8227 /* UbicacionCell.swift */; };
		3B62267A1D00CA710007ED55 /* PeliculaCell.swift in Sources */ = {isa = PBXBuildFile; fileRef = 3B6226791D00CA710007ED55 /* PeliculaCell.swift */; };
		3BA0C8B11D05D38400989745 /* HorarioPeliculaHeader.swift in Sources */ = {isa = PBXBuildFile; fileRef = 3BA0C8B01D05D38400989745 /* HorarioPeliculaHeader.swift */; };
		3BAB9AED1CFC95D400C319CF /* AppDelegate.swift in Sources */ = {isa = PBXBuildFile; fileRef = 3BAB9AEC1CFC95D400C319CF /* AppDelegate.swift */; };
		3BAB9AF21CFC95D400C319CF /* Main.storyboard in Resources */ = {isa = PBXBuildFile; fileRef = 3BAB9AF01CFC95D400C319CF /* Main.storyboard */; };
		3BAB9AF41CFC95D400C319CF /* Assets.xcassets in Resources */ = {isa = PBXBuildFile; fileRef = 3BAB9AF31CFC95D400C319CF /* Assets.xcassets */; };
		3BAB9AF71CFC95D400C319CF /* LaunchScreen.storyboard in Resources */ = {isa = PBXBuildFile; fileRef = 3BAB9AF51CFC95D400C319CF /* LaunchScreen.storyboard */; };
		3BAB9B0B1CFC962100C319CF /* RECommonFunctions.m in Sources */ = {isa = PBXBuildFile; fileRef = 3BAB9B001CFC962100C319CF /* RECommonFunctions.m */; };
		3BAB9B0C1CFC962100C319CF /* REFrostedContainerViewController.m in Sources */ = {isa = PBXBuildFile; fileRef = 3BAB9B021CFC962100C319CF /* REFrostedContainerViewController.m */; };
		3BAB9B0D1CFC962100C319CF /* REFrostedViewController.m in Sources */ = {isa = PBXBuildFile; fileRef = 3BAB9B041CFC962100C319CF /* REFrostedViewController.m */; };
		3BAB9B0E1CFC962100C319CF /* UIImage+REFrostedViewController.m in Sources */ = {isa = PBXBuildFile; fileRef = 3BAB9B061CFC962100C319CF /* UIImage+REFrostedViewController.m */; };
		3BAB9B0F1CFC962100C319CF /* UIView+REFrostedViewController.m in Sources */ = {isa = PBXBuildFile; fileRef = 3BAB9B081CFC962100C319CF /* UIView+REFrostedViewController.m */; };
		3BAB9B101CFC962100C319CF /* UIViewController+REFrostedViewController.m in Sources */ = {isa = PBXBuildFile; fileRef = 3BAB9B0A1CFC962100C319CF /* UIViewController+REFrostedViewController.m */; };
		3BAD0B601D2D5B7500F3900D /* BistroViewController.swift in Sources */ = {isa = PBXBuildFile; fileRef = 3BAD0B5E1D2D5B7500F3900D /* BistroViewController.swift */; };
		3BAD0B611D2D5B7500F3900D /* BistroViewController.xib in Resources */ = {isa = PBXBuildFile; fileRef = 3BAD0B5F1D2D5B7500F3900D /* BistroViewController.xib */; };
		3BC808D71D09BBD100870223 /* EstrenosViewController.swift in Sources */ = {isa = PBXBuildFile; fileRef = 3BC808D61D09BBD100870223 /* EstrenosViewController.swift */; };
		3BC808D91D09BD3800870223 /* EstrenosViewController.xib in Resources */ = {isa = PBXBuildFile; fileRef = 3BC808D81D09BD3800870223 /* EstrenosViewController.xib */; };
		3BE5070C1D05F50700D32C7E /* HorarioCell.swift in Sources */ = {isa = PBXBuildFile; fileRef = 3BE5070A1D05F50700D32C7E /* HorarioCell.swift */; };
		3BE5070D1D05F50700D32C7E /* HorarioCell.xib in Resources */ = {isa = PBXBuildFile; fileRef = 3BE5070B1D05F50700D32C7E /* HorarioCell.xib */; };
		3BE507101D06161C00D32C7E /* Utils.swift in Sources */ = {isa = PBXBuildFile; fileRef = 3BE5070F1D06161C00D32C7E /* Utils.swift */; };
		3BE507121D071E4E00D32C7E /* SinopsisCell.swift in Sources */ = {isa = PBXBuildFile; fileRef = 3BE507111D071E4E00D32C7E /* SinopsisCell.swift */; };
		3BE507141D071E7A00D32C7E /* SinopsisCell.xib in Resources */ = {isa = PBXBuildFile; fileRef = 3BE507131D071E7A00D32C7E /* SinopsisCell.xib */; };
		3BE507171D072E0C00D32C7E /* FondoImageView.swift in Sources */ = {isa = PBXBuildFile; fileRef = 3BE507161D072E0C00D32C7E /* FondoImageView.swift */; };
		3BE507191D07317E00D32C7E /* BaseCell.swift in Sources */ = {isa = PBXBuildFile; fileRef = 3BE507181D07317E00D32C7E /* BaseCell.swift */; };
		3BE5071C1D0870E700D32C7E /* GalleryViewController.swift in Sources */ = {isa = PBXBuildFile; fileRef = 3BE5071A1D0870E700D32C7E /* GalleryViewController.swift */; };
		3BE5071D1D0870E700D32C7E /* GalleryViewController.xib in Resources */ = {isa = PBXBuildFile; fileRef = 3BE5071B1D0870E700D32C7E /* GalleryViewController.xib */; };
		EE6F22C3BA4DA81C352001E0 /* Pods_api.framework in Frameworks */ = {isa = PBXBuildFile; fileRef = FA5BE7B8A13451C7BF137DFD /* Pods_api.framework */; };
/* End PBXBuildFile section */

/* Begin PBXFileReference section */
		3B02C7981CFF519100DE5B21 /* PeliculasCineViewController.swift */ = {isa = PBXFileReference; fileEncoding = 4; lastKnownFileType = sourcecode.swift; path = PeliculasCineViewController.swift; sourceTree = "<group>"; };
		3B02C79A1CFF51B400DE5B21 /* PeliculasCineViewController.xib */ = {isa = PBXFileReference; fileEncoding = 4; lastKnownFileType = file.xib; path = PeliculasCineViewController.xib; sourceTree = "<group>"; };
		3B0F17571CFF649C00DCAABC /* PeliculaCell.xib */ = {isa = PBXFileReference; fileEncoding = 4; lastKnownFileType = file.xib; path = PeliculaCell.xib; sourceTree = "<group>"; };
		3B1E6A491D0B2BCE00537720 /* HorarioNewCell.swift */ = {isa = PBXFileReference; fileEncoding = 4; lastKnownFileType = sourcecode.swift; path = HorarioNewCell.swift; sourceTree = "<group>"; };
		3B1E6A4B1D0B2BFF00537720 /* HorarioNewCell.xib */ = {isa = PBXFileReference; fileEncoding = 4; lastKnownFileType = file.xib; path = HorarioNewCell.xib; sourceTree = "<group>"; };
		3B2A66D31D02040300D0E671 /* PeliculaViewController.swift */ = {isa = PBXFileReference; fileEncoding = 4; lastKnownFileType = sourcecode.swift; path = PeliculaViewController.swift; sourceTree = "<group>"; };
		3B2A66D41D02040300D0E671 /* PeliculaViewController.xib */ = {isa = PBXFileReference; fileEncoding = 4; lastKnownFileType = file.xib; path = PeliculaViewController.xib; sourceTree = "<group>"; };
		3B2A66D71D036CA500D0E671 /* HorarioPeliculaHeader.xib */ = {isa = PBXFileReference; fileEncoding = 4; lastKnownFileType = file.xib; path = HorarioPeliculaHeader.xib; sourceTree = "<group>"; };
		3B2EDFD51CFC98390078F3D9 /* MenuViewController.xib */ = {isa = PBXFileReference; fileEncoding = 4; lastKnownFileType = file.xib; path = MenuViewController.xib; sourceTree = "<group>"; };
		3B2EDFD71CFC999D0078F3D9 /* CinesViewController.xib */ = {isa = PBXFileReference; fileEncoding = 4; lastKnownFileType = file.xib; path = CinesViewController.xib; sourceTree = "<group>"; };
		3B2EDFDB1CFC9EFE0078F3D9 /* BaseMenuViewController.swift */ = {isa = PBXFileReference; fileEncoding = 4; lastKnownFileType = sourcecode.swift; path = BaseMenuViewController.swift; sourceTree = "<group>"; };
		3B2EDFDD1CFCA04D0078F3D9 /* CinesViewController.swift */ = {isa = PBXFileReference; fileEncoding = 4; lastKnownFileType = sourcecode.swift; path = CinesViewController.swift; sourceTree = "<group>"; };
		3B2EDFDF1CFCA0E10078F3D9 /* ContainerNavigationController.swift */ = {isa = PBXFileReference; fileEncoding = 4; lastKnownFileType = sourcecode.swift; path = ContainerNavigationController.swift; sourceTree = "<group>"; };
		3B2EDFE21CFCAB590078F3D9 /* MenuViewController.swift */ = {isa = PBXFileReference; fileEncoding = 4; lastKnownFileType = sourcecode.swift; path = MenuViewController.swift; sourceTree = "<group>"; };
		3B2EDFE51CFCAF570078F3D9 /* MenuItemCell.xib */ = {isa = PBXFileReference; fileEncoding = 4; lastKnownFileType = file.xib; path = MenuItemCell.xib; sourceTree = "<group>"; };
		3B2EDFE91CFCB0000078F3D9 /* MenuItemCell.swift */ = {isa = PBXFileReference; fileEncoding = 4; lastKnownFileType = sourcecode.swift; path = MenuItemCell.swift; sourceTree = "<group>"; };
		3B2EDFEB1CFCB5C60078F3D9 /* UbicacionesViewController.xib */ = {isa = PBXFileReference; fileEncoding = 4; lastKnownFileType = file.xib; path = UbicacionesViewController.xib; sourceTree = "<group>"; };
		3B2EDFEE1CFCCC5D0078F3D9 /* WebApi.swift */ = {isa = PBXFileReference; fileEncoding = 4; lastKnownFileType = sourcecode.swift; path = WebApi.swift; sourceTree = "<group>"; };
		3B2EDFF01CFCDED70078F3D9 /* BaseViewController.swift */ = {isa = PBXFileReference; fileEncoding = 4; lastKnownFileType = sourcecode.swift; path = BaseViewController.swift; sourceTree = "<group>"; };
		3B2EDFF21CFCFD830078F3D9 /* UbicacionesViewController.swift */ = {isa = PBXFileReference; fileEncoding = 4; lastKnownFileType = sourcecode.swift; path = UbicacionesViewController.swift; sourceTree = "<group>"; };
		3B5738F61CFDED2800CE8227 /* UbicacionCell.xib */ = {isa = PBXFileReference; fileEncoding = 4; lastKnownFileType = file.xib; path = UbicacionCell.xib; sourceTree = "<group>"; };
		3B5738F81CFDFDD100CE8227 /* UbicacionCell.swift */ = {isa = PBXFileReference; fileEncoding = 4; lastKnownFileType = sourcecode.swift; path = UbicacionCell.swift; sourceTree = "<group>"; };
		3B6226791D00CA710007ED55 /* PeliculaCell.swift */ = {isa = PBXFileReference; fileEncoding = 4; lastKnownFileType = sourcecode.swift; path = PeliculaCell.swift; sourceTree = "<group>"; };
		3BA0C8B01D05D38400989745 /* HorarioPeliculaHeader.swift */ = {isa = PBXFileReference; fileEncoding = 4; lastKnownFileType = sourcecode.swift; path = HorarioPeliculaHeader.swift; sourceTree = "<group>"; };
		3BAB9AE91CFC95D400C319CF /* Alba Cinema.app */ = {isa = PBXFileReference; explicitFileType = wrapper.application; includeInIndex = 0; path = "Alba Cinema.app"; sourceTree = BUILT_PRODUCTS_DIR; };
		3BAB9AEC1CFC95D400C319CF /* AppDelegate.swift */ = {isa = PBXFileReference; lastKnownFileType = sourcecode.swift; path = AppDelegate.swift; sourceTree = "<group>"; };
		3BAB9AF11CFC95D400C319CF /* Base */ = {isa = PBXFileReference; lastKnownFileType = file.storyboard; name = Base; path = Base.lproj/Main.storyboard; sourceTree = "<group>"; };
		3BAB9AF31CFC95D400C319CF /* Assets.xcassets */ = {isa = PBXFileReference; lastKnownFileType = folder.assetcatalog; path = Assets.xcassets; sourceTree = "<group>"; };
		3BAB9AF61CFC95D400C319CF /* Base */ = {isa = PBXFileReference; lastKnownFileType = file.storyboard; name = Base; path = Base.lproj/LaunchScreen.storyboard; sourceTree = "<group>"; };
		3BAB9AF81CFC95D400C319CF /* Info.plist */ = {isa = PBXFileReference; lastKnownFileType = text.plist.xml; path = Info.plist; sourceTree = "<group>"; };
		3BAB9AFF1CFC962100C319CF /* RECommonFunctions.h */ = {isa = PBXFileReference; fileEncoding = 4; lastKnownFileType = sourcecode.c.h; path = RECommonFunctions.h; sourceTree = "<group>"; };
		3BAB9B001CFC962100C319CF /* RECommonFunctions.m */ = {isa = PBXFileReference; fileEncoding = 4; lastKnownFileType = sourcecode.c.objc; path = RECommonFunctions.m; sourceTree = "<group>"; };
		3BAB9B011CFC962100C319CF /* REFrostedContainerViewController.h */ = {isa = PBXFileReference; fileEncoding = 4; lastKnownFileType = sourcecode.c.h; path = REFrostedContainerViewController.h; sourceTree = "<group>"; };
		3BAB9B021CFC962100C319CF /* REFrostedContainerViewController.m */ = {isa = PBXFileReference; fileEncoding = 4; lastKnownFileType = sourcecode.c.objc; path = REFrostedContainerViewController.m; sourceTree = "<group>"; };
		3BAB9B031CFC962100C319CF /* REFrostedViewController.h */ = {isa = PBXFileReference; fileEncoding = 4; lastKnownFileType = sourcecode.c.h; path = REFrostedViewController.h; sourceTree = "<group>"; };
		3BAB9B041CFC962100C319CF /* REFrostedViewController.m */ = {isa = PBXFileReference; fileEncoding = 4; lastKnownFileType = sourcecode.c.objc; path = REFrostedViewController.m; sourceTree = "<group>"; };
		3BAB9B051CFC962100C319CF /* UIImage+REFrostedViewController.h */ = {isa = PBXFileReference; fileEncoding = 4; lastKnownFileType = sourcecode.c.h; path = "UIImage+REFrostedViewController.h"; sourceTree = "<group>"; };
		3BAB9B061CFC962100C319CF /* UIImage+REFrostedViewController.m */ = {isa = PBXFileReference; fileEncoding = 4; lastKnownFileType = sourcecode.c.objc; path = "UIImage+REFrostedViewController.m"; sourceTree = "<group>"; };
		3BAB9B071CFC962100C319CF /* UIView+REFrostedViewController.h */ = {isa = PBXFileReference; fileEncoding = 4; lastKnownFileType = sourcecode.c.h; path = "UIView+REFrostedViewController.h"; sourceTree = "<group>"; };
		3BAB9B081CFC962100C319CF /* UIView+REFrostedViewController.m */ = {isa = PBXFileReference; fileEncoding = 4; lastKnownFileType = sourcecode.c.objc; path = "UIView+REFrostedViewController.m"; sourceTree = "<group>"; };
		3BAB9B091CFC962100C319CF /* UIViewController+REFrostedViewController.h */ = {isa = PBXFileReference; fileEncoding = 4; lastKnownFileType = sourcecode.c.h; path = "UIViewController+REFrostedViewController.h"; sourceTree = "<group>"; };
		3BAB9B0A1CFC962100C319CF /* UIViewController+REFrostedViewController.m */ = {isa = PBXFileReference; fileEncoding = 4; lastKnownFileType = sourcecode.c.objc; path = "UIViewController+REFrostedViewController.m"; sourceTree = "<group>"; };
		3BAB9B161CFC974D00C319CF /* bridging-header.h */ = {isa = PBXFileReference; lastKnownFileType = sourcecode.c.h; path = "bridging-header.h"; sourceTree = "<group>"; };
		3BAD0B5E1D2D5B7500F3900D /* BistroViewController.swift */ = {isa = PBXFileReference; fileEncoding = 4; lastKnownFileType = sourcecode.swift; path = BistroViewController.swift; sourceTree = "<group>"; };
		3BAD0B5F1D2D5B7500F3900D /* BistroViewController.xib */ = {isa = PBXFileReference; fileEncoding = 4; lastKnownFileType = file.xib; path = BistroViewController.xib; sourceTree = "<group>"; };
		3BC808D61D09BBD100870223 /* EstrenosViewController.swift */ = {isa = PBXFileReference; fileEncoding = 4; lastKnownFileType = sourcecode.swift; path = EstrenosViewController.swift; sourceTree = "<group>"; };
		3BC808D81D09BD3800870223 /* EstrenosViewController.xib */ = {isa = PBXFileReference; fileEncoding = 4; lastKnownFileType = file.xib; path = EstrenosViewController.xib; sourceTree = "<group>"; };
		3BE5070A1D05F50700D32C7E /* HorarioCell.swift */ = {isa = PBXFileReference; fileEncoding = 4; lastKnownFileType = sourcecode.swift; path = HorarioCell.swift; sourceTree = "<group>"; };
		3BE5070B1D05F50700D32C7E /* HorarioCell.xib */ = {isa = PBXFileReference; fileEncoding = 4; lastKnownFileType = file.xib; path = HorarioCell.xib; sourceTree = "<group>"; };
		3BE5070F1D06161C00D32C7E /* Utils.swift */ = {isa = PBXFileReference; fileEncoding = 4; lastKnownFileType = sourcecode.swift; path = Utils.swift; sourceTree = "<group>"; };
		3BE507111D071E4E00D32C7E /* SinopsisCell.swift */ = {isa = PBXFileReference; fileEncoding = 4; lastKnownFileType = sourcecode.swift; path = SinopsisCell.swift; sourceTree = "<group>"; };
		3BE507131D071E7A00D32C7E /* SinopsisCell.xib */ = {isa = PBXFileReference; fileEncoding = 4; lastKnownFileType = file.xib; path = SinopsisCell.xib; sourceTree = "<group>"; };
		3BE507161D072E0C00D32C7E /* FondoImageView.swift */ = {isa = PBXFileReference; fileEncoding = 4; lastKnownFileType = sourcecode.swift; path = FondoImageView.swift; sourceTree = "<group>"; };
		3BE507181D07317E00D32C7E /* BaseCell.swift */ = {isa = PBXFileReference; fileEncoding = 4; lastKnownFileType = sourcecode.swift; path = BaseCell.swift; sourceTree = "<group>"; };
		3BE5071A1D0870E700D32C7E /* GalleryViewController.swift */ = {isa = PBXFileReference; fileEncoding = 4; lastKnownFileType = sourcecode.swift; path = GalleryViewController.swift; sourceTree = "<group>"; };
		3BE5071B1D0870E700D32C7E /* GalleryViewController.xib */ = {isa = PBXFileReference; fileEncoding = 4; lastKnownFileType = file.xib; path = GalleryViewController.xib; sourceTree = "<group>"; };
		7740E3B70A5D42B34CCF3101 /* Pods-api.debug.xcconfig */ = {isa = PBXFileReference; includeInIndex = 1; lastKnownFileType = text.xcconfig; name = "Pods-api.debug.xcconfig"; path = "Pods/Target Support Files/Pods-api/Pods-api.debug.xcconfig"; sourceTree = "<group>"; };
		853FC02F596E3E5131C42A65 /* Pods-api.release.xcconfig */ = {isa = PBXFileReference; includeInIndex = 1; lastKnownFileType = text.xcconfig; name = "Pods-api.release.xcconfig"; path = "Pods/Target Support Files/Pods-api/Pods-api.release.xcconfig"; sourceTree = "<group>"; };
		FA5BE7B8A13451C7BF137DFD /* Pods_api.framework */ = {isa = PBXFileReference; explicitFileType = wrapper.framework; includeInIndex = 0; path = Pods_api.framework; sourceTree = BUILT_PRODUCTS_DIR; };
/* End PBXFileReference section */

/* Begin PBXFrameworksBuildPhase section */
		3BAB9AE61CFC95D400C319CF /* Frameworks */ = {
			isa = PBXFrameworksBuildPhase;
			buildActionMask = 2147483647;
			files = (
				EE6F22C3BA4DA81C352001E0 /* Pods_api.framework in Frameworks */,
			);
			runOnlyForDeploymentPostprocessing = 0;
		};
/* End PBXFrameworksBuildPhase section */

/* Begin PBXGroup section */
		1BD93B98E5C99E3B7C9C2D99 /* Pods */ = {
			isa = PBXGroup;
			children = (
				7740E3B70A5D42B34CCF3101 /* Pods-api.debug.xcconfig */,
				853FC02F596E3E5131C42A65 /* Pods-api.release.xcconfig */,
			);
			name = Pods;
			sourceTree = "<group>";
		};
		3B2A66D91D036CA900D0E671 /* Headers */ = {
			isa = PBXGroup;
			children = (
				3B2A66D71D036CA500D0E671 /* HorarioPeliculaHeader.xib */,
			);
			name = Headers;
			sourceTree = "<group>";
		};
		3B2EDFD41CFC98230078F3D9 /* xibs */ = {
			isa = PBXGroup;
			children = (
				3B2EDFE71CFCAF5B0078F3D9 /* Cells */,
				3B2EDFE41CFCAF170078F3D9 /* ViewControllers */,
			);
			name = xibs;
			sourceTree = "<group>";
		};
		3B2EDFDA1CFC9EC60078F3D9 /* ViewControllers */ = {
			isa = PBXGroup;
			children = (
				3B2EDFDB1CFC9EFE0078F3D9 /* BaseMenuViewController.swift */,
				3B2EDFF01CFCDED70078F3D9 /* BaseViewController.swift */,
				3BAD0B5E1D2D5B7500F3900D /* BistroViewController.swift */,
				3B2EDFDD1CFCA04D0078F3D9 /* CinesViewController.swift */,
				3B2EDFDF1CFCA0E10078F3D9 /* ContainerNavigationController.swift */,
				3BC808D61D09BBD100870223 /* EstrenosViewController.swift */,
				3BE5071A1D0870E700D32C7E /* GalleryViewController.swift */,
				3B2EDFE21CFCAB590078F3D9 /* MenuViewController.swift */,
				3B02C7981CFF519100DE5B21 /* PeliculasCineViewController.swift */,
				3B2A66D31D02040300D0E671 /* PeliculaViewController.swift */,
				3B2EDFF21CFCFD830078F3D9 /* UbicacionesViewController.swift */,
			);
			name = ViewControllers;
			sourceTree = "<group>";
		};
		3B2EDFE41CFCAF170078F3D9 /* ViewControllers */ = {
			isa = PBXGroup;
			children = (
				3B2A66D41D02040300D0E671 /* PeliculaViewController.xib */,
				3B2EDFD51CFC98390078F3D9 /* MenuViewController.xib */,
				3B2EDFD71CFC999D0078F3D9 /* CinesViewController.xib */,
				3B2EDFEB1CFCB5C60078F3D9 /* UbicacionesViewController.xib */,
				3B02C79A1CFF51B400DE5B21 /* PeliculasCineViewController.xib */,
				3BE5071B1D0870E700D32C7E /* GalleryViewController.xib */,
				3BC808D81D09BD3800870223 /* EstrenosViewController.xib */,
				3BAD0B5F1D2D5B7500F3900D /* BistroViewController.xib */,
			);
			name = ViewControllers;
			sourceTree = "<group>";
		};
		3B2EDFE71CFCAF5B0078F3D9 /* Cells */ = {
			isa = PBXGroup;
			children = (
				3B2A66D91D036CA900D0E671 /* Headers */,
				3B2EDFE51CFCAF570078F3D9 /* MenuItemCell.xib */,
				3B5738F61CFDED2800CE8227 /* UbicacionCell.xib */,
				3B0F17571CFF649C00DCAABC /* PeliculaCell.xib */,
				3BE5070B1D05F50700D32C7E /* HorarioCell.xib */,
				3BE507131D071E7A00D32C7E /* SinopsisCell.xib */,
				3B1E6A4B1D0B2BFF00537720 /* HorarioNewCell.xib */,
			);
			name = Cells;
			sourceTree = "<group>";
		};
		3B2EDFE81CFCAFF10078F3D9 /* Views */ = {
			isa = PBXGroup;
			children = (
				3BE507151D07279300D32C7E /* Fondo */,
				3B5738FA1CFDFDD800CE8227 /* Cells */,
			);
			name = Views;
			sourceTree = "<group>";
		};
		3B2EDFED1CFCCC480078F3D9 /* WebApi */ = {
			isa = PBXGroup;
			children = (
				3B2EDFEE1CFCCC5D0078F3D9 /* WebApi.swift */,
			);
			name = WebApi;
			sourceTree = "<group>";
		};
		3B5738FA1CFDFDD800CE8227 /* Cells */ = {
			isa = PBXGroup;
			children = (
				3BA0C8AF1D05D36600989745 /* Headers */,
				3B2EDFE91CFCB0000078F3D9 /* MenuItemCell.swift */,
				3BE507111D071E4E00D32C7E /* SinopsisCell.swift */,
				3B1E6A491D0B2BCE00537720 /* HorarioNewCell.swift */,
				3BE5070A1D05F50700D32C7E /* HorarioCell.swift */,
				3B5738F81CFDFDD100CE8227 /* UbicacionCell.swift */,
				3B6226791D00CA710007ED55 /* PeliculaCell.swift */,
				3BE507181D07317E00D32C7E /* BaseCell.swift */,
			);
			name = Cells;
			sourceTree = "<group>";
		};
		3BA0C8AF1D05D36600989745 /* Headers */ = {
			isa = PBXGroup;
			children = (
				3BA0C8B01D05D38400989745 /* HorarioPeliculaHeader.swift */,
			);
			name = Headers;
			sourceTree = "<group>";
		};
		3BAB9AE01CFC95D400C319CF = {
			isa = PBXGroup;
			children = (
				3BAB9AEB1CFC95D400C319CF /* api */,
				3BAB9AEA1CFC95D400C319CF /* Products */,
				1BD93B98E5C99E3B7C9C2D99 /* Pods */,
				F16710C557B9B55C2C508D8F /* Frameworks */,
			);
			sourceTree = "<group>";
		};
		3BAB9AEA1CFC95D400C319CF /* Products */ = {
			isa = PBXGroup;
			children = (
				3BAB9AE91CFC95D400C319CF /* Alba Cinema.app */,
			);
			name = Products;
			sourceTree = "<group>";
		};
		3BAB9AEB1CFC95D400C319CF /* api */ = {
			isa = PBXGroup;
			children = (
				3BE5070E1D06160B00D32C7E /* Utils */,
				3B2EDFED1CFCCC480078F3D9 /* WebApi */,
				3B2EDFE81CFCAFF10078F3D9 /* Views */,
				3B2EDFDA1CFC9EC60078F3D9 /* ViewControllers */,
				3B2EDFD41CFC98230078F3D9 /* xibs */,
				3BAB9AFE1CFC962100C319CF /* REFrostedViewController */,
				3BAB9AEC1CFC95D400C319CF /* AppDelegate.swift */,
				3BAB9AF01CFC95D400C319CF /* Main.storyboard */,
				3BAB9AF31CFC95D400C319CF /* Assets.xcassets */,
				3BAB9AF51CFC95D400C319CF /* LaunchScreen.storyboard */,
				3BAB9AF81CFC95D400C319CF /* Info.plist */,
				3BAB9B161CFC974D00C319CF /* bridging-header.h */,
			);
			path = api;
			sourceTree = "<group>";
		};
		3BAB9AFE1CFC962100C319CF /* REFrostedViewController */ = {
			isa = PBXGroup;
			children = (
				3BAB9AFF1CFC962100C319CF /* RECommonFunctions.h */,
				3BAB9B001CFC962100C319CF /* RECommonFunctions.m */,
				3BAB9B011CFC962100C319CF /* REFrostedContainerViewController.h */,
				3BAB9B021CFC962100C319CF /* REFrostedContainerViewController.m */,
				3BAB9B031CFC962100C319CF /* REFrostedViewController.h */,
				3BAB9B041CFC962100C319CF /* REFrostedViewController.m */,
				3BAB9B051CFC962100C319CF /* UIImage+REFrostedViewController.h */,
				3BAB9B061CFC962100C319CF /* UIImage+REFrostedViewController.m */,
				3BAB9B071CFC962100C319CF /* UIView+REFrostedViewController.h */,
				3BAB9B081CFC962100C319CF /* UIView+REFrostedViewController.m */,
				3BAB9B091CFC962100C319CF /* UIViewController+REFrostedViewController.h */,
				3BAB9B0A1CFC962100C319CF /* UIViewController+REFrostedViewController.m */,
			);
			path = REFrostedViewController;
			sourceTree = "<group>";
		};
		3BE5070E1D06160B00D32C7E /* Utils */ = {
			isa = PBXGroup;
			children = (
				3BE5070F1D06161C00D32C7E /* Utils.swift */,
			);
			name = Utils;
			sourceTree = "<group>";
		};
		3BE507151D07279300D32C7E /* Fondo */ = {
			isa = PBXGroup;
			children = (
				3BE507161D072E0C00D32C7E /* FondoImageView.swift */,
			);
			name = Fondo;
			sourceTree = "<group>";
		};
		F16710C557B9B55C2C508D8F /* Frameworks */ = {
			isa = PBXGroup;
			children = (
				FA5BE7B8A13451C7BF137DFD /* Pods_api.framework */,
			);
			name = Frameworks;
			sourceTree = "<group>";
		};
/* End PBXGroup section */

/* Begin PBXNativeTarget section */
		3BAB9AE81CFC95D400C319CF /* api */ = {
			isa = PBXNativeTarget;
			buildConfigurationList = 3BAB9AFB1CFC95D400C319CF /* Build configuration list for PBXNativeTarget "api" */;
			buildPhases = (
				81E701CD7E473D86899CC849 /* [CP] Check Pods Manifest.lock */,
				3BAB9AE51CFC95D400C319CF /* Sources */,
				3BAB9AE61CFC95D400C319CF /* Frameworks */,
				3BAB9AE71CFC95D400C319CF /* Resources */,
				99F22698F687A8001F9BC6E1 /* [CP] Embed Pods Frameworks */,
				A215A4EA72BBA2604A5ABD9F /* [CP] Copy Pods Resources */,
			);
			buildRules = (
			);
			dependencies = (
			);
			name = api;
			productName = api;
			productReference = 3BAB9AE91CFC95D400C319CF /* Alba Cinema.app */;
			productType = "com.apple.product-type.application";
		};
/* End PBXNativeTarget section */

/* Begin PBXProject section */
		3BAB9AE11CFC95D400C319CF /* Project object */ = {
			isa = PBXProject;
			attributes = {
				LastSwiftUpdateCheck = 0730;
				LastUpgradeCheck = 0730;
				ORGANIZATIONNAME = "Universidad Galileo";
				TargetAttributes = {
					3BAB9AE81CFC95D400C319CF = {
						CreatedOnToolsVersion = 7.3.1;
						DevelopmentTeam = 4Y4CYZX9S8;
					};
				};
			};
			buildConfigurationList = 3BAB9AE41CFC95D400C319CF /* Build configuration list for PBXProject "api" */;
			compatibilityVersion = "Xcode 3.2";
			developmentRegion = English;
			hasScannedForEncodings = 0;
			knownRegions = (
				en,
				Base,
			);
			mainGroup = 3BAB9AE01CFC95D400C319CF;
			productRefGroup = 3BAB9AEA1CFC95D400C319CF /* Products */;
			projectDirPath = "";
			projectRoot = "";
			targets = (
				3BAB9AE81CFC95D400C319CF /* api */,
			);
		};
/* End PBXProject section */

/* Begin PBXResourcesBuildPhase section */
		3BAB9AE71CFC95D400C319CF /* Resources */ = {
			isa = PBXResourcesBuildPhase;
			buildActionMask = 2147483647;
			files = (
				3BE5070D1D05F50700D32C7E /* HorarioCell.xib in Resources */,
				3B2A66D61D02040300D0E671 /* PeliculaViewController.xib in Resources */,
				3B1E6A4C1D0B2BFF00537720 /* HorarioNewCell.xib in Resources */,
				3B0F17581CFF649C00DCAABC /* PeliculaCell.xib in Resources */,
				3B02C79B1CFF51B400DE5B21 /* PeliculasCineViewController.xib in Resources */,
				3BAB9AF71CFC95D400C319CF /* LaunchScreen.storyboard in Resources */,
				3B2EDFE61CFCAF570078F3D9 /* MenuItemCell.xib in Resources */,
				3BAB9AF41CFC95D400C319CF /* Assets.xcassets in Resources */,
				3B2A66D81D036CA500D0E671 /* HorarioPeliculaHeader.xib in Resources */,
				3BAD0B611D2D5B7500F3900D /* BistroViewController.xib in Resources */,
				3BAB9AF21CFC95D400C319CF /* Main.storyboard in Resources */,
				3BE507141D071E7A00D32C7E /* SinopsisCell.xib in Resources */,
				3BE5071D1D0870E700D32C7E /* GalleryViewController.xib in Resources */,
				3B2EDFD61CFC98390078F3D9 /* MenuViewController.xib in Resources */,
				3B2EDFD81CFC999D0078F3D9 /* CinesViewController.xib in Resources */,
				3BC808D91D09BD3800870223 /* EstrenosViewController.xib in Resources */,
				3B2EDFEC1CFCB5C60078F3D9 /* UbicacionesViewController.xib in Resources */,
				3B5738F71CFDED2800CE8227 /* UbicacionCell.xib in Resources */,
			);
			runOnlyForDeploymentPostprocessing = 0;
		};
/* End PBXResourcesBuildPhase section */

/* Begin PBXShellScriptBuildPhase section */
		81E701CD7E473D86899CC849 /* [CP] Check Pods Manifest.lock */ = {
			isa = PBXShellScriptBuildPhase;
			buildActionMask = 2147483647;
			files = (
			);
			inputPaths = (
			);
			name = "[CP] Check Pods Manifest.lock";
			outputPaths = (
			);
			runOnlyForDeploymentPostprocessing = 0;
			shellPath = /bin/sh;
			shellScript = "diff \"${PODS_ROOT}/../Podfile.lock\" \"${PODS_ROOT}/Manifest.lock\" > /dev/null\nif [[ $? != 0 ]] ; then\n    cat << EOM\nerror: The sandbox is not in sync with the Podfile.lock. Run 'pod install' or update your CocoaPods installation.\nEOM\n    exit 1\nfi\n";
			showEnvVarsInLog = 0;
		};
		99F22698F687A8001F9BC6E1 /* [CP] Embed Pods Frameworks */ = {
			isa = PBXShellScriptBuildPhase;
			buildActionMask = 2147483647;
			files = (
			);
			inputPaths = (
			);
			name = "[CP] Embed Pods Frameworks";
			outputPaths = (
			);
			runOnlyForDeploymentPostprocessing = 0;
			shellPath = /bin/sh;
			shellScript = "\"${SRCROOT}/Pods/Target Support Files/Pods-api/Pods-api-frameworks.sh\"\n";
			showEnvVarsInLog = 0;
		};
		A215A4EA72BBA2604A5ABD9F /* [CP] Copy Pods Resources */ = {
			isa = PBXShellScriptBuildPhase;
			buildActionMask = 2147483647;
			files = (
			);
			inputPaths = (
			);
			name = "[CP] Copy Pods Resources";
			outputPaths = (
			);
			runOnlyForDeploymentPostprocessing = 0;
			shellPath = /bin/sh;
			shellScript = "\"${SRCROOT}/Pods/Target Support Files/Pods-api/Pods-api-resources.sh\"\n";
			showEnvVarsInLog = 0;
		};
/* End PBXShellScriptBuildPhase section */

/* Begin PBXSourcesBuildPhase section */
		3BAB9AE51CFC95D400C319CF /* Sources */ = {
			isa = PBXSourcesBuildPhase;
			buildActionMask = 2147483647;
			files = (
				3B2EDFDC1CFC9EFE0078F3D9 /* BaseMenuViewController.swift in Sources */,
				3B1E6A4A1D0B2BCE00537720 /* HorarioNewCell.swift in Sources */,
				3BAB9B0E1CFC962100C319CF /* UIImage+REFrostedViewController.m in Sources */,
				3BAB9B101CFC962100C319CF /* UIViewController+REFrostedViewController.m in Sources */,
				3BAB9B0C1CFC962100C319CF /* REFrostedContainerViewController.m in Sources */,
				3B2EDFDE1CFCA04D0078F3D9 /* CinesViewController.swift in Sources */,
				3BE5071C1D0870E700D32C7E /* GalleryViewController.swift in Sources */,
				3B5738F91CFDFDD100CE8227 /* UbicacionCell.swift in Sources */,
				3BA0C8B11D05D38400989745 /* HorarioPeliculaHeader.swift in Sources */,
				3BE507101D06161C00D32C7E /* Utils.swift in Sources */,
				3B2EDFF11CFCDED70078F3D9 /* BaseViewController.swift in Sources */,
				3BAD0B601D2D5B7500F3900D /* BistroViewController.swift in Sources */,
				3B02C7991CFF519100DE5B21 /* PeliculasCineViewController.swift in Sources */,
				3BAB9B0B1CFC962100C319CF /* RECommonFunctions.m in Sources */,
				3B2A66D51D02040300D0E671 /* PeliculaViewController.swift in Sources */,
				3BE507121D071E4E00D32C7E /* SinopsisCell.swift in Sources */,
				3B2EDFE31CFCAB590078F3D9 /* MenuViewController.swift in Sources */,
				3BAB9AED1CFC95D400C319CF /* AppDelegate.swift in Sources */,
				3BE5070C1D05F50700D32C7E /* HorarioCell.swift in Sources */,
				3B2EDFE01CFCA0E10078F3D9 /* ContainerNavigationController.swift in Sources */,
				3B2EDFEF1CFCCC5D0078F3D9 /* WebApi.swift in Sources */,
				3B2EDFEA1CFCB0000078F3D9 /* MenuItemCell.swift in Sources */,
				3BE507171D072E0C00D32C7E /* FondoImageView.swift in Sources */,
				3BC808D71D09BBD100870223 /* EstrenosViewController.swift in Sources */,
				3B62267A1D00CA710007ED55 /* PeliculaCell.swift in Sources */,
				3BAB9B0F1CFC962100C319CF /* UIView+REFrostedViewController.m in Sources */,
				3BAB9B0D1CFC962100C319CF /* REFrostedViewController.m in Sources */,
				3BE507191D07317E00D32C7E /* BaseCell.swift in Sources */,
				3B2EDFF31CFCFD830078F3D9 /* UbicacionesViewController.swift in Sources */,
			);
			runOnlyForDeploymentPostprocessing = 0;
		};
/* End PBXSourcesBuildPhase section */

/* Begin PBXVariantGroup section */
		3BAB9AF01CFC95D400C319CF /* Main.storyboard */ = {
			isa = PBXVariantGroup;
			children = (
				3BAB9AF11CFC95D400C319CF /* Base */,
			);
			name = Main.storyboard;
			sourceTree = "<group>";
		};
		3BAB9AF51CFC95D400C319CF /* LaunchScreen.storyboard */ = {
			isa = PBXVariantGroup;
			children = (
				3BAB9AF61CFC95D400C319CF /* Base */,
			);
			name = LaunchScreen.storyboard;
			sourceTree = "<group>";
		};
/* End PBXVariantGroup section */

/* Begin XCBuildConfiguration section */
		3BAB9AF91CFC95D400C319CF /* Debug */ = {
			isa = XCBuildConfiguration;
			buildSettings = {
				ALWAYS_SEARCH_USER_PATHS = NO;
				CLANG_ANALYZER_NONNULL = YES;
				CLANG_CXX_LANGUAGE_STANDARD = "gnu++0x";
				CLANG_CXX_LIBRARY = "libc++";
				CLANG_ENABLE_MODULES = YES;
				CLANG_ENABLE_OBJC_ARC = YES;
				CLANG_WARN_BOOL_CONVERSION = YES;
				CLANG_WARN_CONSTANT_CONVERSION = YES;
				CLANG_WARN_DIRECT_OBJC_ISA_USAGE = YES_ERROR;
				CLANG_WARN_EMPTY_BODY = YES;
				CLANG_WARN_ENUM_CONVERSION = YES;
				CLANG_WARN_INT_CONVERSION = YES;
				CLANG_WARN_OBJC_ROOT_CLASS = YES_ERROR;
				CLANG_WARN_UNREACHABLE_CODE = YES;
				CLANG_WARN__DUPLICATE_METHOD_MATCH = YES;
				"CODE_SIGN_IDENTITY[sdk=iphoneos*]" = "iPhone Developer";
				COPY_PHASE_STRIP = NO;
				DEBUG_INFORMATION_FORMAT = dwarf;
				ENABLE_STRICT_OBJC_MSGSEND = YES;
				ENABLE_TESTABILITY = YES;
				GCC_C_LANGUAGE_STANDARD = gnu99;
				GCC_DYNAMIC_NO_PIC = NO;
				GCC_NO_COMMON_BLOCKS = YES;
				GCC_OPTIMIZATION_LEVEL = 0;
				GCC_PREPROCESSOR_DEFINITIONS = (
					"DEBUG=1",
					"$(inherited)",
				);
				GCC_WARN_64_TO_32_BIT_CONVERSION = YES;
				GCC_WARN_ABOUT_RETURN_TYPE = YES_ERROR;
				GCC_WARN_UNDECLARED_SELECTOR = YES;
				GCC_WARN_UNINITIALIZED_AUTOS = YES_AGGRESSIVE;
				GCC_WARN_UNUSED_FUNCTION = YES;
				GCC_WARN_UNUSED_VARIABLE = YES;
				IPHONEOS_DEPLOYMENT_TARGET = 9.3;
				MTL_ENABLE_DEBUG_INFO = YES;
				ONLY_ACTIVE_ARCH = YES;
				SDKROOT = iphoneos;
				SWIFT_OPTIMIZATION_LEVEL = "-Onone";
			};
			name = Debug;
		};
		3BAB9AFA1CFC95D400C319CF /* Release */ = {
			isa = XCBuildConfiguration;
			buildSettings = {
				ALWAYS_SEARCH_USER_PATHS = NO;
				CLANG_ANALYZER_NONNULL = YES;
				CLANG_CXX_LANGUAGE_STANDARD = "gnu++0x";
				CLANG_CXX_LIBRARY = "libc++";
				CLANG_ENABLE_MODULES = YES;
				CLANG_ENABLE_OBJC_ARC = YES;
				CLANG_WARN_BOOL_CONVERSION = YES;
				CLANG_WARN_CONSTANT_CONVERSION = YES;
				CLANG_WARN_DIRECT_OBJC_ISA_USAGE = YES_ERROR;
				CLANG_WARN_EMPTY_BODY = YES;
				CLANG_WARN_ENUM_CONVERSION = YES;
				CLANG_WARN_INT_CONVERSION = YES;
				CLANG_WARN_OBJC_ROOT_CLASS = YES_ERROR;
				CLANG_WARN_UNREACHABLE_CODE = YES;
				CLANG_WARN__DUPLICATE_METHOD_MATCH = YES;
				"CODE_SIGN_IDENTITY[sdk=iphoneos*]" = "iPhone Developer";
				COPY_PHASE_STRIP = NO;
				DEBUG_INFORMATION_FORMAT = "dwarf-with-dsym";
				ENABLE_NS_ASSERTIONS = NO;
				ENABLE_STRICT_OBJC_MSGSEND = YES;
				GCC_C_LANGUAGE_STANDARD = gnu99;
				GCC_NO_COMMON_BLOCKS = YES;
				GCC_WARN_64_TO_32_BIT_CONVERSION = YES;
				GCC_WARN_ABOUT_RETURN_TYPE = YES_ERROR;
				GCC_WARN_UNDECLARED_SELECTOR = YES;
				GCC_WARN_UNINITIALIZED_AUTOS = YES_AGGRESSIVE;
				GCC_WARN_UNUSED_FUNCTION = YES;
				GCC_WARN_UNUSED_VARIABLE = YES;
				IPHONEOS_DEPLOYMENT_TARGET = 9.3;
				MTL_ENABLE_DEBUG_INFO = NO;
				SDKROOT = iphoneos;
				VALIDATE_PRODUCT = YES;
			};
			name = Release;
		};
		3BAB9AFC1CFC95D400C319CF /* Debug */ = {
			isa = XCBuildConfiguration;
			baseConfigurationReference = 7740E3B70A5D42B34CCF3101 /* Pods-api.debug.xcconfig */;
			buildSettings = {
				ASSETCATALOG_COMPILER_APPICON_NAME = AppIcon;
				CODE_SIGN_IDENTITY = "iPhone Developer";
				"CODE_SIGN_IDENTITY[sdk=iphoneos*]" = "iPhone Developer";
				INFOPLIST_FILE = api/Info.plist;
				LD_RUNPATH_SEARCH_PATHS = "$(inherited) @executable_path/Frameworks";
				PRODUCT_BUNDLE_IDENTIFIER = edu.galileo.api;
				PRODUCT_NAME = "Alba Cinema";
				PROVISIONING_PROFILE = "";
				SWIFT_OBJC_BRIDGING_HEADER = "api/bridging-header.h";
			};
			name = Debug;
		};
		3BAB9AFD1CFC95D400C319CF /* Release */ = {
			isa = XCBuildConfiguration;
			baseConfigurationReference = 853FC02F596E3E5131C42A65 /* Pods-api.release.xcconfig */;
			buildSettings = {
				ASSETCATALOG_COMPILER_APPICON_NAME = AppIcon;
				CODE_SIGN_IDENTITY = "iPhone Developer";
				"CODE_SIGN_IDENTITY[sdk=iphoneos*]" = "iPhone Developer";
				INFOPLIST_FILE = api/Info.plist;
				LD_RUNPATH_SEARCH_PATHS = "$(inherited) @executable_path/Frameworks";
				PRODUCT_BUNDLE_IDENTIFIER = edu.galileo.api;
				PRODUCT_NAME = "Alba Cinema";
				PROVISIONING_PROFILE = "";
				SWIFT_OBJC_BRIDGING_HEADER = "api/bridging-header.h";
			};
			name = Release;
		};
/* End XCBuildConfiguration section */

/* Begin XCConfigurationList section */
		3BAB9AE41CFC95D400C319CF /* Build configuration list for PBXProject "api" */ = {
			isa = XCConfigurationList;
			buildConfigurations = (
				3BAB9AF91CFC95D400C319CF /* Debug */,
				3BAB9AFA1CFC95D400C319CF /* Release */,
			);
			defaultConfigurationIsVisible = 0;
			defaultConfigurationName = Release;
		};
		3BAB9AFB1CFC95D400C319CF /* Build configuration list for PBXNativeTarget "api" */ = {
			isa = XCConfigurationList;
			buildConfigurations = (
				3BAB9AFC1CFC95D400C319CF /* Debug */,
				3BAB9AFD1CFC95D400C319CF /* Release */,
			);
			defaultConfigurationIsVisible = 0;
			defaultConfigurationName = Release;
		};
/* End XCConfigurationList section */
	};
	rootObject = 3BAB9AE11CFC95D400C319CF /* Project object */;
}
